// !$*UTF8*$!
{
	archiveVersion = 1;
	classes = {
	};
	objectVersion = 55;
	objects = {

/* Begin PBXBuildFile section */
		2912E29F28A8057300E0A7E4 /* AppDelegate.swift in Sources */ = {isa = PBXBuildFile; fileRef = 2912E29E28A8057300E0A7E4 /* AppDelegate.swift */; };
		2912E2A128A8057300E0A7E4 /* SceneDelegate.swift in Sources */ = {isa = PBXBuildFile; fileRef = 2912E2A028A8057300E0A7E4 /* SceneDelegate.swift */; };
		2912E2A328A8057300E0A7E4 /* ViewController.swift in Sources */ = {isa = PBXBuildFile; fileRef = 2912E2A228A8057300E0A7E4 /* ViewController.swift */; };
		2912E2A628A8057300E0A7E4 /* Main.storyboard in Resources */ = {isa = PBXBuildFile; fileRef = 2912E2A428A8057300E0A7E4 /* Main.storyboard */; };
		2912E2A828A8057400E0A7E4 /* Assets.xcassets in Resources */ = {isa = PBXBuildFile; fileRef = 2912E2A728A8057400E0A7E4 /* Assets.xcassets */; };
		2912E2AB28A8057400E0A7E4 /* LaunchScreen.storyboard in Resources */ = {isa = PBXBuildFile; fileRef = 2912E2A928A8057400E0A7E4 /* LaunchScreen.storyboard */; };
		2912E2B628A8057400E0A7E4 /* I_Am_PoorTests.swift in Sources */ = {isa = PBXBuildFile; fileRef = 2912E2B528A8057400E0A7E4 /* I_Am_PoorTests.swift */; };
		2912E2C028A8057400E0A7E4 /* I_Am_PoorUITests.swift in Sources */ = {isa = PBXBuildFile; fileRef = 2912E2BF28A8057400E0A7E4 /* I_Am_PoorUITests.swift */; };
		2912E2C228A8057400E0A7E4 /* I_Am_PoorUITestsLaunchTests.swift in Sources */ = {isa = PBXBuildFile; fileRef = 2912E2C128A8057400E0A7E4 /* I_Am_PoorUITestsLaunchTests.swift */; };
		2912E2CF28A80A3300E0A7E4 /* waving_finger_animated.mp4 in Resources */ = {isa = PBXBuildFile; fileRef = 2912E2CE28A80A3300E0A7E4 /* waving_finger_animated.mp4 */; };
/* End PBXBuildFile section */

/* Begin PBXContainerItemProxy section */
		2912E2B228A8057400E0A7E4 /* PBXContainerItemProxy */ = {
			isa = PBXContainerItemProxy;
			containerPortal = 2912E29328A8057300E0A7E4 /* Project object */;
			proxyType = 1;
			remoteGlobalIDString = 2912E29A28A8057300E0A7E4;
			remoteInfo = "I Am Poor";
		};
		2912E2BC28A8057400E0A7E4 /* PBXContainerItemProxy */ = {
			isa = PBXContainerItemProxy;
			containerPortal = 2912E29328A8057300E0A7E4 /* Project object */;
			proxyType = 1;
			remoteGlobalIDString = 2912E29A28A8057300E0A7E4;
			remoteInfo = "I Am Poor";
		};
/* End PBXContainerItemProxy section */

/* Begin PBXFileReference section */
		2912E29B28A8057300E0A7E4 /* I Am Poor.app */ = {isa = PBXFileReference; explicitFileType = wrapper.application; includeInIndex = 0; path = "I Am Poor.app"; sourceTree = BUILT_PRODUCTS_DIR; };
		2912E29E28A8057300E0A7E4 /* AppDelegate.swift */ = {isa = PBXFileReference; lastKnownFileType = sourcecode.swift; path = AppDelegate.swift; sourceTree = "<group>"; };
		2912E2A028A8057300E0A7E4 /* SceneDelegate.swift */ = {isa = PBXFileReference; lastKnownFileType = sourcecode.swift; path = SceneDelegate.swift; sourceTree = "<group>"; };
		2912E2A228A8057300E0A7E4 /* ViewController.swift */ = {isa = PBXFileReference; lastKnownFileType = sourcecode.swift; path = ViewController.swift; sourceTree = "<group>"; };
		2912E2A528A8057300E0A7E4 /* Base */ = {isa = PBXFileReference; lastKnownFileType = file.storyboard; name = Base; path = Base.lproj/Main.storyboard; sourceTree = "<group>"; };
		2912E2A728A8057400E0A7E4 /* Assets.xcassets */ = {isa = PBXFileReference; lastKnownFileType = folder.assetcatalog; path = Assets.xcassets; sourceTree = "<group>"; };
		2912E2AA28A8057400E0A7E4 /* Base */ = {isa = PBXFileReference; lastKnownFileType = file.storyboard; name = Base; path = Base.lproj/LaunchScreen.storyboard; sourceTree = "<group>"; };
		2912E2AC28A8057400E0A7E4 /* Info.plist */ = {isa = PBXFileReference; lastKnownFileType = text.plist.xml; path = Info.plist; sourceTree = "<group>"; };
		2912E2B128A8057400E0A7E4 /* I Am PoorTests.xctest */ = {isa = PBXFileReference; explicitFileType = wrapper.cfbundle; includeInIndex = 0; path = "I Am PoorTests.xctest"; sourceTree = BUILT_PRODUCTS_DIR; };
		2912E2B528A8057400E0A7E4 /* I_Am_PoorTests.swift */ = {isa = PBXFileReference; lastKnownFileType = sourcecode.swift; path = I_Am_PoorTests.swift; sourceTree = "<group>"; };
		2912E2BB28A8057400E0A7E4 /* I Am PoorUITests.xctest */ = {isa = PBXFileReference; explicitFileType = wrapper.cfbundle; includeInIndex = 0; path = "I Am PoorUITests.xctest"; sourceTree = BUILT_PRODUCTS_DIR; };
		2912E2BF28A8057400E0A7E4 /* I_Am_PoorUITests.swift */ = {isa = PBXFileReference; lastKnownFileType = sourcecode.swift; path = I_Am_PoorUITests.swift; sourceTree = "<group>"; };
		2912E2C128A8057400E0A7E4 /* I_Am_PoorUITestsLaunchTests.swift */ = {isa = PBXFileReference; lastKnownFileType = sourcecode.swift; path = I_Am_PoorUITestsLaunchTests.swift; sourceTree = "<group>"; };
		2912E2CE28A80A3300E0A7E4 /* waving_finger_animated.mp4 */ = {isa = PBXFileReference; lastKnownFileType = file; path = waving_finger_animated.mp4; sourceTree = "<group>"; };
/* End PBXFileReference section */

/* Begin PBXFrameworksBuildPhase section */
		2912E29828A8057300E0A7E4 /* Frameworks */ = {
			isa = PBXFrameworksBuildPhase;
			buildActionMask = 2147483647;
			files = (
			);
			runOnlyForDeploymentPostprocessing = 0;
		};
		2912E2AE28A8057400E0A7E4 /* Frameworks */ = {
			isa = PBXFrameworksBuildPhase;
			buildActionMask = 2147483647;
			files = (
			);
			runOnlyForDeploymentPostprocessing = 0;
		};
		2912E2B828A8057400E0A7E4 /* Frameworks */ = {
			isa = PBXFrameworksBuildPhase;
			buildActionMask = 2147483647;
			files = (
			);
			runOnlyForDeploymentPostprocessing = 0;
		};
/* End PBXFrameworksBuildPhase section */

/* Begin PBXGroup section */
		2912E29228A8057300E0A7E4 = {
			isa = PBXGroup;
			children = (
				2912E2CE28A80A3300E0A7E4 /* waving_finger_animated.mp4 */,
				2912E29D28A8057300E0A7E4 /* I Am Poor */,
				2912E2B428A8057400E0A7E4 /* I Am PoorTests */,
				2912E2BE28A8057400E0A7E4 /* I Am PoorUITests */,
				2912E29C28A8057300E0A7E4 /* Products */,
			);
			sourceTree = "<group>";
		};
		2912E29C28A8057300E0A7E4 /* Products */ = {
			isa = PBXGroup;
			children = (
				2912E29B28A8057300E0A7E4 /* I Am Poor.app */,
				2912E2B128A8057400E0A7E4 /* I Am PoorTests.xctest */,
				2912E2BB28A8057400E0A7E4 /* I Am PoorUITests.xctest */,
			);
			name = Products;
			sourceTree = "<group>";
		};
		2912E29D28A8057300E0A7E4 /* I Am Poor */ = {
			isa = PBXGroup;
			children = (
				2912E29E28A8057300E0A7E4 /* AppDelegate.swift */,
				2912E2A028A8057300E0A7E4 /* SceneDelegate.swift */,
				2912E2A228A8057300E0A7E4 /* ViewController.swift */,
				2912E2A428A8057300E0A7E4 /* Main.storyboard */,
				2912E2A728A8057400E0A7E4 /* Assets.xcassets */,
				2912E2A928A8057400E0A7E4 /* LaunchScreen.storyboard */,
				2912E2AC28A8057400E0A7E4 /* Info.plist */,
			);
			path = "I Am Poor";
			sourceTree = "<group>";
		};
		2912E2B428A8057400E0A7E4 /* I Am PoorTests */ = {
			isa = PBXGroup;
			children = (
				2912E2B528A8057400E0A7E4 /* I_Am_PoorTests.swift */,
			);
			path = "I Am PoorTests";
			sourceTree = "<group>";
		};
		2912E2BE28A8057400E0A7E4 /* I Am PoorUITests */ = {
			isa = PBXGroup;
			children = (
				2912E2BF28A8057400E0A7E4 /* I_Am_PoorUITests.swift */,
				2912E2C128A8057400E0A7E4 /* I_Am_PoorUITestsLaunchTests.swift */,
			);
			path = "I Am PoorUITests";
			sourceTree = "<group>";
		};
/* End PBXGroup section */

/* Begin PBXNativeTarget section */
		2912E29A28A8057300E0A7E4 /* I Am Poor */ = {
			isa = PBXNativeTarget;
			buildConfigurationList = 2912E2C528A8057400E0A7E4 /* Build configuration list for PBXNativeTarget "I Am Poor" */;
			buildPhases = (
				2912E29728A8057300E0A7E4 /* Sources */,
				2912E29828A8057300E0A7E4 /* Frameworks */,
				2912E29928A8057300E0A7E4 /* Resources */,
			);
			buildRules = (
			);
			dependencies = (
			);
			name = "I Am Poor";
			productName = "I Am Poor";
			productReference = 2912E29B28A8057300E0A7E4 /* I Am Poor.app */;
			productType = "com.apple.product-type.application";
		};
		2912E2B028A8057400E0A7E4 /* I Am PoorTests */ = {
			isa = PBXNativeTarget;
			buildConfigurationList = 2912E2C828A8057400E0A7E4 /* Build configuration list for PBXNativeTarget "I Am PoorTests" */;
			buildPhases = (
				2912E2AD28A8057400E0A7E4 /* Sources */,
				2912E2AE28A8057400E0A7E4 /* Frameworks */,
				2912E2AF28A8057400E0A7E4 /* Resources */,
			);
			buildRules = (
			);
			dependencies = (
				2912E2B328A8057400E0A7E4 /* PBXTargetDependency */,
			);
			name = "I Am PoorTests";
			productName = "I Am PoorTests";
			productReference = 2912E2B128A8057400E0A7E4 /* I Am PoorTests.xctest */;
			productType = "com.apple.product-type.bundle.unit-test";
		};
		2912E2BA28A8057400E0A7E4 /* I Am PoorUITests */ = {
			isa = PBXNativeTarget;
			buildConfigurationList = 2912E2CB28A8057400E0A7E4 /* Build configuration list for PBXNativeTarget "I Am PoorUITests" */;
			buildPhases = (
				2912E2B728A8057400E0A7E4 /* Sources */,
				2912E2B828A8057400E0A7E4 /* Frameworks */,
				2912E2B928A8057400E0A7E4 /* Resources */,
			);
			buildRules = (
			);
			dependencies = (
				2912E2BD28A8057400E0A7E4 /* PBXTargetDependency */,
			);
			name = "I Am PoorUITests";
			productName = "I Am PoorUITests";
			productReference = 2912E2BB28A8057400E0A7E4 /* I Am PoorUITests.xctest */;
			productType = "com.apple.product-type.bundle.ui-testing";
		};
/* End PBXNativeTarget section */

/* Begin PBXProject section */
		2912E29328A8057300E0A7E4 /* Project object */ = {
			isa = PBXProject;
			attributes = {
				BuildIndependentTargetsInParallel = 1;
				LastSwiftUpdateCheck = 1340;
				LastUpgradeCheck = 1340;
				TargetAttributes = {
					2912E29A28A8057300E0A7E4 = {
						CreatedOnToolsVersion = 13.4.1;
					};
					2912E2B028A8057400E0A7E4 = {
						CreatedOnToolsVersion = 13.4.1;
						TestTargetID = 2912E29A28A8057300E0A7E4;
					};
					2912E2BA28A8057400E0A7E4 = {
						CreatedOnToolsVersion = 13.4.1;
						TestTargetID = 2912E29A28A8057300E0A7E4;
					};
				};
			};
			buildConfigurationList = 2912E29628A8057300E0A7E4 /* Build configuration list for PBXProject "I Am Poor" */;
			compatibilityVersion = "Xcode 13.0";
			developmentRegion = en;
			hasScannedForEncodings = 0;
			knownRegions = (
				en,
				Base,
			);
			mainGroup = 2912E29228A8057300E0A7E4;
			productRefGroup = 2912E29C28A8057300E0A7E4 /* Products */;
			projectDirPath = "";
			projectRoot = "";
			targets = (
				2912E29A28A8057300E0A7E4 /* I Am Poor */,
				2912E2B028A8057400E0A7E4 /* I Am PoorTests */,
				2912E2BA28A8057400E0A7E4 /* I Am PoorUITests */,
			);
		};
/* End PBXProject section */

/* Begin PBXResourcesBuildPhase section */
		2912E29928A8057300E0A7E4 /* Resources */ = {
			isa = PBXResourcesBuildPhase;
			buildActionMask = 2147483647;
			files = (
				2912E2CF28A80A3300E0A7E4 /* waving_finger_animated.mp4 in Resources */,
				2912E2AB28A8057400E0A7E4 /* LaunchScreen.storyboard in Resources */,
				2912E2A828A8057400E0A7E4 /* Assets.xcassets in Resources */,
				2912E2A628A8057300E0A7E4 /* Main.storyboard in Resources */,
			);
			runOnlyForDeploymentPostprocessing = 0;
		};
		2912E2AF28A8057400E0A7E4 /* Resources */ = {
			isa = PBXResourcesBuildPhase;
			buildActionMask = 2147483647;
			files = (
			);
			runOnlyForDeploymentPostprocessing = 0;
		};
		2912E2B928A8057400E0A7E4 /* Resources */ = {
			isa = PBXResourcesBuildPhase;
			buildActionMask = 2147483647;
			files = (
			);
			runOnlyForDeploymentPostprocessing = 0;
		};
/* End PBXResourcesBuildPhase section */

/* Begin PBXSourcesBuildPhase section */
		2912E29728A8057300E0A7E4 /* Sources */ = {
			isa = PBXSourcesBuildPhase;
			buildActionMask = 2147483647;
			files = (
				2912E2A328A8057300E0A7E4 /* ViewController.swift in Sources */,
				2912E29F28A8057300E0A7E4 /* AppDelegate.swift in Sources */,
				2912E2A128A8057300E0A7E4 /* SceneDelegate.swift in Sources */,
			);
			runOnlyForDeploymentPostprocessing = 0;
		};
		2912E2AD28A8057400E0A7E4 /* Sources */ = {
			isa = PBXSourcesBuildPhase;
			buildActionMask = 2147483647;
			files = (
				2912E2B628A8057400E0A7E4 /* I_Am_PoorTests.swift in Sources */,
			);
			runOnlyForDeploymentPostprocessing = 0;
		};
		2912E2B728A8057400E0A7E4 /* Sources */ = {
			isa = PBXSourcesBuildPhase;
			buildActionMask = 2147483647;
			files = (
				2912E2C228A8057400E0A7E4 /* I_Am_PoorUITestsLaunchTests.swift in Sources */,
				2912E2C028A8057400E0A7E4 /* I_Am_PoorUITests.swift in Sources */,
			);
			runOnlyForDeploymentPostprocessing = 0;
		};
/* End PBXSourcesBuildPhase section */

/* Begin PBXTargetDependency section */
		2912E2B328A8057400E0A7E4 /* PBXTargetDependency */ = {
			isa = PBXTargetDependency;
			target = 2912E29A28A8057300E0A7E4 /* I Am Poor */;
			targetProxy = 2912E2B228A8057400E0A7E4 /* PBXContainerItemProxy */;
		};
		2912E2BD28A8057400E0A7E4 /* PBXTargetDependency */ = {
			isa = PBXTargetDependency;
			target = 2912E29A28A8057300E0A7E4 /* I Am Poor */;
			targetProxy = 2912E2BC28A8057400E0A7E4 /* PBXContainerItemProxy */;
		};
/* End PBXTargetDependency section */

/* Begin PBXVariantGroup section */
		2912E2A428A8057300E0A7E4 /* Main.storyboard */ = {
			isa = PBXVariantGroup;
			children = (
				2912E2A528A8057300E0A7E4 /* Base */,
			);
			name = Main.storyboard;
			sourceTree = "<group>";
		};
		2912E2A928A8057400E0A7E4 /* LaunchScreen.storyboard */ = {
			isa = PBXVariantGroup;
			children = (
				2912E2AA28A8057400E0A7E4 /* Base */,
			);
			name = LaunchScreen.storyboard;
			sourceTree = "<group>";
		};
/* End PBXVariantGroup section */

/* Begin XCBuildConfiguration section */
		2912E2C328A8057400E0A7E4 /* Debug */ = {
			isa = XCBuildConfiguration;
			buildSettings = {
				ALWAYS_SEARCH_USER_PATHS = NO;
				CLANG_ANALYZER_NONNULL = YES;
				CLANG_ANALYZER_NUMBER_OBJECT_CONVERSION = YES_AGGRESSIVE;
				CLANG_CXX_LANGUAGE_STANDARD = "gnu++17";
				CLANG_ENABLE_MODULES = YES;
				CLANG_ENABLE_OBJC_ARC = YES;
				CLANG_ENABLE_OBJC_WEAK = YES;
				CLANG_WARN_BLOCK_CAPTURE_AUTORELEASING = YES;
				CLANG_WARN_BOOL_CONVERSION = YES;
				CLANG_WARN_COMMA = YES;
				CLANG_WARN_CONSTANT_CONVERSION = YES;
				CLANG_WARN_DEPRECATED_OBJC_IMPLEMENTATIONS = YES;
				CLANG_WARN_DIRECT_OBJC_ISA_USAGE = YES_ERROR;
				CLANG_WARN_DOCUMENTATION_COMMENTS = YES;
				CLANG_WARN_EMPTY_BODY = YES;
				CLANG_WARN_ENUM_CONVERSION = YES;
				CLANG_WARN_INFINITE_RECURSION = YES;
				CLANG_WARN_INT_CONVERSION = YES;
				CLANG_WARN_NON_LITERAL_NULL_CONVERSION = YES;
				CLANG_WARN_OBJC_IMPLICIT_RETAIN_SELF = YES;
				CLANG_WARN_OBJC_LITERAL_CONVERSION = YES;
				CLANG_WARN_OBJC_ROOT_CLASS = YES_ERROR;
				CLANG_WARN_QUOTED_INCLUDE_IN_FRAMEWORK_HEADER = YES;
				CLANG_WARN_RANGE_LOOP_ANALYSIS = YES;
				CLANG_WARN_STRICT_PROTOTYPES = YES;
				CLANG_WARN_SUSPICIOUS_MOVE = YES;
				CLANG_WARN_UNGUARDED_AVAILABILITY = YES_AGGRESSIVE;
				CLANG_WARN_UNREACHABLE_CODE = YES;
				CLANG_WARN__DUPLICATE_METHOD_MATCH = YES;
				COPY_PHASE_STRIP = NO;
				DEBUG_INFORMATION_FORMAT = dwarf;
				ENABLE_STRICT_OBJC_MSGSEND = YES;
				ENABLE_TESTABILITY = YES;
				GCC_C_LANGUAGE_STANDARD = gnu11;
				GCC_DYNAMIC_NO_PIC = NO;
				GCC_NO_COMMON_BLOCKS = YES;
				GCC_OPTIMIZATION_LEVEL = 0;
				GCC_PREPROCESSOR_DEFINITIONS = (
					"DEBUG=1",
					"$(inherited)",
				);
				GCC_WARN_64_TO_32_BIT_CONVERSION = YES;
				GCC_WARN_ABOUT_RETURN_TYPE = YES_ERROR;
				GCC_WARN_UNDECLARED_SELECTOR = YES;
				GCC_WARN_UNINITIALIZED_AUTOS = YES_AGGRESSIVE;
				GCC_WARN_UNUSED_FUNCTION = YES;
				GCC_WARN_UNUSED_VARIABLE = YES;
				IPHONEOS_DEPLOYMENT_TARGET = 15.5;
				MTL_ENABLE_DEBUG_INFO = INCLUDE_SOURCE;
				MTL_FAST_MATH = YES;
				ONLY_ACTIVE_ARCH = YES;
				SDKROOT = iphoneos;
				SWIFT_ACTIVE_COMPILATION_CONDITIONS = DEBUG;
				SWIFT_OPTIMIZATION_LEVEL = "-Onone";
			};
			name = Debug;
		};
		2912E2C428A8057400E0A7E4 /* Release */ = {
			isa = XCBuildConfiguration;
			buildSettings = {
				ALWAYS_SEARCH_USER_PATHS = NO;
				CLANG_ANALYZER_NONNULL = YES;
				CLANG_ANALYZER_NUMBER_OBJECT_CONVERSION = YES_AGGRESSIVE;
				CLANG_CXX_LANGUAGE_STANDARD = "gnu++17";
				CLANG_ENABLE_MODULES = YES;
				CLANG_ENABLE_OBJC_ARC = YES;
				CLANG_ENABLE_OBJC_WEAK = YES;
				CLANG_WARN_BLOCK_CAPTURE_AUTORELEASING = YES;
				CLANG_WARN_BOOL_CONVERSION = YES;
				CLANG_WARN_COMMA = YES;
				CLANG_WARN_CONSTANT_CONVERSION = YES;
				CLANG_WARN_DEPRECATED_OBJC_IMPLEMENTATIONS = YES;
				CLANG_WARN_DIRECT_OBJC_ISA_USAGE = YES_ERROR;
				CLANG_WARN_DOCUMENTATION_COMMENTS = YES;
				CLANG_WARN_EMPTY_BODY = YES;
				CLANG_WARN_ENUM_CONVERSION = YES;
				CLANG_WARN_INFINITE_RECURSION = YES;
				CLANG_WARN_INT_CONVERSION = YES;
				CLANG_WARN_NON_LITERAL_NULL_CONVERSION = YES;
				CLANG_WARN_OBJC_IMPLICIT_RETAIN_SELF = YES;
				CLANG_WARN_OBJC_LITERAL_CONVERSION = YES;
				CLANG_WARN_OBJC_ROOT_CLASS = YES_ERROR;
				CLANG_WARN_QUOTED_INCLUDE_IN_FRAMEWORK_HEADER = YES;
				CLANG_WARN_RANGE_LOOP_ANALYSIS = YES;
				CLANG_WARN_STRICT_PROTOTYPES = YES;
				CLANG_WARN_SUSPICIOUS_MOVE = YES;
				CLANG_WARN_UNGUARDED_AVAILABILITY = YES_AGGRESSIVE;
				CLANG_WARN_UNREACHABLE_CODE = YES;
				CLANG_WARN__DUPLICATE_METHOD_MATCH = YES;
				COPY_PHASE_STRIP = NO;
				DEBUG_INFORMATION_FORMAT = "dwarf-with-dsym";
				ENABLE_NS_ASSERTIONS = NO;
				ENABLE_STRICT_OBJC_MSGSEND = YES;
				GCC_C_LANGUAGE_STANDARD = gnu11;
				GCC_NO_COMMON_BLOCKS = YES;
				GCC_WARN_64_TO_32_BIT_CONVERSION = YES;
				GCC_WARN_ABOUT_RETURN_TYPE = YES_ERROR;
				GCC_WARN_UNDECLARED_SELECTOR = YES;
				GCC_WARN_UNINITIALIZED_AUTOS = YES_AGGRESSIVE;
				GCC_WARN_UNUSED_FUNCTION = YES;
				GCC_WARN_UNUSED_VARIABLE = YES;
				IPHONEOS_DEPLOYMENT_TARGET = 15.5;
				MTL_ENABLE_DEBUG_INFO = NO;
				MTL_FAST_MATH = YES;
				SDKROOT = iphoneos;
				SWIFT_COMPILATION_MODE = wholemodule;
				SWIFT_OPTIMIZATION_LEVEL = "-O";
				VALIDATE_PRODUCT = YES;
			};
			name = Release;
		};
		2912E2C628A8057400E0A7E4 /* Debug */ = {
			isa = XCBuildConfiguration;
			buildSettings = {
				ASSETCATALOG_COMPILER_APPICON_NAME = AppIcon;
				ASSETCATALOG_COMPILER_GLOBAL_ACCENT_COLOR_NAME = AccentColor;
				CODE_SIGN_STYLE = Automatic;
				CURRENT_PROJECT_VERSION = 1;
				DEVELOPMENT_TEAM = U5Y279Y73Z;
				GENERATE_INFOPLIST_FILE = YES;
				INFOPLIST_FILE = "I Am Poor/Info.plist";
				INFOPLIST_KEY_UIApplicationSupportsIndirectInputEvents = YES;
				INFOPLIST_KEY_UILaunchStoryboardName = LaunchScreen;
				INFOPLIST_KEY_UIMainStoryboardFile = Main;
				INFOPLIST_KEY_UISupportedInterfaceOrientations_iPad = "UIInterfaceOrientationPortrait UIInterfaceOrientationPortraitUpsideDown UIInterfaceOrientationLandscapeLeft UIInterfaceOrientationLandscapeRight";
				INFOPLIST_KEY_UISupportedInterfaceOrientations_iPhone = "UIInterfaceOrientationPortrait UIInterfaceOrientationLandscapeLeft UIInterfaceOrientationLandscapeRight";
				LD_RUNPATH_SEARCH_PATHS = (
					"$(inherited)",
					"@executable_path/Frameworks",
				);
				MARKETING_VERSION = 1.0;
				PRODUCT_BUNDLE_IDENTIFIER = "com.superdesigngirl.I-Am-Poor";
				PRODUCT_NAME = "$(TARGET_NAME)";
				SWIFT_EMIT_LOC_STRINGS = YES;
				SWIFT_VERSION = 5.0;
				TARGETED_DEVICE_FAMILY = "1,2";
			};
			name = Debug;
		};
		2912E2C728A8057400E0A7E4 /* Release */ = {
			isa = XCBuildConfiguration;
			buildSettings = {
				ASSETCATALOG_COMPILER_APPICON_NAME = AppIcon;
				ASSETCATALOG_COMPILER_GLOBAL_ACCENT_COLOR_NAME = AccentColor;
				CODE_SIGN_STYLE = Automatic;
				CURRENT_PROJECT_VERSION = 1;
				DEVELOPMENT_TEAM = U5Y279Y73Z;
				GENERATE_INFOPLIST_FILE = YES;
				INFOPLIST_FILE = "I Am Poor/Info.plist";
				INFOPLIST_KEY_UIApplicationSupportsIndirectInputEvents = YES;
				INFOPLIST_KEY_UILaunchStoryboardName = LaunchScreen;
				INFOPLIST_KEY_UIMainStoryboardFile = Main;
				INFOPLIST_KEY_UISupportedInterfaceOrientations_iPad = "UIInterfaceOrientationPortrait UIInterfaceOrientationPortraitUpsideDown UIInterfaceOrientationLandscapeLeft UIInterfaceOrientationLandscapeRight";
				INFOPLIST_KEY_UISupportedInterfaceOrientations_iPhone = "UIInterfaceOrientationPortrait UIInterfaceOrientationLandscapeLeft UIInterfaceOrientationLandscapeRight";
				LD_RUNPATH_SEARCH_PATHS = (
					"$(inherited)",
					"@executable_path/Frameworks",
				);
				MARKETING_VERSION = 1.0;
				PRODUCT_BUNDLE_IDENTIFIER = "com.superdesigngirl.I-Am-Poor";
				PRODUCT_NAME = "$(TARGET_NAME)";
				SWIFT_EMIT_LOC_STRINGS = YES;
				SWIFT_VERSION = 5.0;
				TARGETED_DEVICE_FAMILY = "1,2";
			};
			name = Release;
		};
		2912E2C928A8057400E0A7E4 /* Debug */ = {
			isa = XCBuildConfiguration;
			buildSettings = {
				ALWAYS_EMBED_SWIFT_STANDARD_LIBRARIES = YES;
				BUNDLE_LOADER = "$(TEST_HOST)";
				CODE_SIGN_STYLE = Automatic;
				CURRENT_PROJECT_VERSION = 1;
				DEVELOPMENT_TEAM = U5Y279Y73Z;
				GENERATE_INFOPLIST_FILE = YES;
				IPHONEOS_DEPLOYMENT_TARGET = 15.5;
				MARKETING_VERSION = 1.0;
				PRODUCT_BUNDLE_IDENTIFIER = "com.superdesigngirl.I-Am-PoorTests";
				PRODUCT_NAME = "$(TARGET_NAME)";
				SWIFT_EMIT_LOC_STRINGS = NO;
				SWIFT_VERSION = 5.0;
				TARGETED_DEVICE_FAMILY = "1,2";
				TEST_HOST = "$(BUILT_PRODUCTS_DIR)/I Am Poor.app/I Am Poor";
			};
			name = Debug;
		};
		2912E2CA28A8057400E0A7E4 /* Release */ = {
			isa = XCBuildConfiguration;
			buildSettings = {
				ALWAYS_EMBED_SWIFT_STANDARD_LIBRARIES = YES;
				BUNDLE_LOADER = "$(TEST_HOST)";
				CODE_SIGN_STYLE = Automatic;
				CURRENT_PROJECT_VERSION = 1;
				DEVELOPMENT_TEAM = U5Y279Y73Z;
				GENERATE_INFOPLIST_FILE = YES;
				IPHONEOS_DEPLOYMENT_TARGET = 15.5;
				MARKETING_VERSION = 1.0;
				PRODUCT_BUNDLE_IDENTIFIER = "com.superdesigngirl.I-Am-PoorTests";
				PRODUCT_NAME = "$(TARGET_NAME)";
				SWIFT_EMIT_LOC_STRINGS = NO;
				SWIFT_VERSION = 5.0;
				TARGETED_DEVICE_FAMILY = "1,2";
				TEST_HOST = "$(BUILT_PRODUCTS_DIR)/I Am Poor.app/I Am Poor";
			};
			name = Release;
		};
		2912E2CC28A8057400E0A7E4 /* Debug */ = {
			isa = XCBuildConfiguration;
			buildSettings = {
				ALWAYS_EMBED_SWIFT_STANDARD_LIBRARIES = YES;
				CODE_SIGN_STYLE = Automatic;
				CURRENT_PROJECT_VERSION = 1;
				DEVELOPMENT_TEAM = U5Y279Y73Z;
				GENERATE_INFOPLIST_FILE = YES;
				MARKETING_VERSION = 1.0;
				PRODUCT_BUNDLE_IDENTIFIER = "com.superdesigngirl.I-Am-PoorUITests";
				PRODUCT_NAME = "$(TARGET_NAME)";
				SWIFT_EMIT_LOC_STRINGS = NO;
				SWIFT_VERSION = 5.0;
				TARGETED_DEVICE_FAMILY = "1,2";
				TEST_TARGET_NAME = "I Am Poor";
			};
			name = Debug;
		};
		2912E2CD28A8057400E0A7E4 /* Release */ = {
			isa = XCBuildConfiguration;
			buildSettings = {
				ALWAYS_EMBED_SWIFT_STANDARD_LIBRARIES = YES;
				CODE_SIGN_STYLE = Automatic;
				CURRENT_PROJECT_VERSION = 1;
				DEVELOPMENT_TEAM = U5Y279Y73Z;
				GENERATE_INFOPLIST_FILE = YES;
				MARKETING_VERSION = 1.0;
				PRODUCT_BUNDLE_IDENTIFIER = "com.superdesigngirl.I-Am-PoorUITests";
				PRODUCT_NAME = "$(TARGET_NAME)";
				SWIFT_EMIT_LOC_STRINGS = NO;
				SWIFT_VERSION = 5.0;
				TARGETED_DEVICE_FAMILY = "1,2";
				TEST_TARGET_NAME = "I Am Poor";
			};
			name = Release;
		};
/* End XCBuildConfiguration section */

/* Begin XCConfigurationList section */
		2912E29628A8057300E0A7E4 /* Build configuration list for PBXProject "I Am Poor" */ = {
			isa = XCConfigurationList;
			buildConfigurations = (
				2912E2C328A8057400E0A7E4 /* Debug */,
				2912E2C428A8057400E0A7E4 /* Release */,
			);
			defaultConfigurationIsVisible = 0;
			defaultConfigurationName = Release;
		};
		2912E2C528A8057400E0A7E4 /* Build configuration list for PBXNativeTarget "I Am Poor" */ = {
			isa = XCConfigurationList;
			buildConfigurations = (
				2912E2C628A8057400E0A7E4 /* Debug */,
				2912E2C728A8057400E0A7E4 /* Release */,
			);
			defaultConfigurationIsVisible = 0;
			defaultConfigurationName = Release;
		};
		2912E2C828A8057400E0A7E4 /* Build configuration list for PBXNativeTarget "I Am PoorTests" */ = {
			isa = XCConfigurationList;
			buildConfigurations = (
				2912E2C928A8057400E0A7E4 /* Debug */,
				2912E2CA28A8057400E0A7E4 /* Release */,
			);
			defaultConfigurationIsVisible = 0;
			defaultConfigurationName = Release;
		};
		2912E2CB28A8057400E0A7E4 /* Build configuration list for PBXNativeTarget "I Am PoorUITests" */ = {
			isa = XCConfigurationList;
			buildConfigurations = (
				2912E2CC28A8057400E0A7E4 /* Debug */,
				2912E2CD28A8057400E0A7E4 /* Release */,
			);
			defaultConfigurationIsVisible = 0;
			defaultConfigurationName = Release;
		};
/* End XCConfigurationList section */
	};
	rootObject = 2912E29328A8057300E0A7E4 /* Project object */;
}
